
Microsoft Visual Studio Solution File, Format Version 12.00
# Visual Studio 15
VisualStudioVersion = 15.0.28307.438
MinimumVisualStudioVersion = 10.0.40219.1
Project("{FAE04EC0-301F-11D3-BF4B-00C04F79EFBC}") = "TestingKofaxIssues", "TestingKofaxIssues\TestingKofaxIssues.csproj", "{71CB04EC-E281-463A-B6BA-6B0D0B8B20FC}"
EndProject
Global
	GlobalSection(SolutionConfigurationPlatforms) = preSolution
		Debug|Any CPU = Debug|Any CPU
		Release|Any CPU = Release|Any CPU
	EndGlobalSection
	GlobalSection(ProjectConfigurationPlatforms) = postSolution
		{71CB04EC-E281-463A-B6BA-6B0D0B8B20FC}.Debug|Any CPU.ActiveCfg = Debug|Any CPU
		{71CB04EC-E281-463A-B6BA-6B0D0B8B20FC}.Debug|Any CPU.Build.0 = Debug|Any CPU
		{71CB04EC-E281-463A-B6BA-6B0D0B8B20FC}.Release|Any CPU.ActiveCfg = Release|Any CPU
		{71CB04EC-E281-463A-B6BA-6B0D0B8B20FC}.Release|Any CPU.Build.0 = Release|Any CPU
	EndGlobalSection
	GlobalSection(SolutionProperties) = preSolution
		HideSolutionNode = FALSE
	EndGlobalSection
	GlobalSection(ExtensibilityGlobals) = postSolution
		SolutionGuid = {BDA2FF1B-458F-4D36-8C29-A0460E97AB70}
	EndGlobalSection
EndGlobal
