
Microsoft Visual Studio Solution File, Format Version 12.00
# Visual Studio 15
VisualStudioVersion = 15.0.28307.421
MinimumVisualStudioVersion = 10.0.40219.1
Project("{9A19103F-16F7-4668-BE54-9A1E7A4F7556}") = "featuretoggledemo", "featuretoggledemo\featuretoggledemo.csproj", "{B09C891F-C1B7-4FA3-A30B-4D61FC33E07E}"
EndProject
Project("{FAE04EC0-301F-11D3-BF4B-00C04F79EFBC}") = "featuretoggleimpl", "featuretoggleimpl\featuretoggleimpl.csproj", "{789AFBC5-CDCB-41DA-809E-6CDCB47C64CA}"
EndProject
Global
	GlobalSection(SolutionConfigurationPlatforms) = preSolution
		Debug|Any CPU = Debug|Any CPU
		Release|Any CPU = Release|Any CPU
	EndGlobalSection
	GlobalSection(ProjectConfigurationPlatforms) = postSolution
		{B09C891F-C1B7-4FA3-A30B-4D61FC33E07E}.Debug|Any CPU.ActiveCfg = Debug|Any CPU
		{B09C891F-C1B7-4FA3-A30B-4D61FC33E07E}.Debug|Any CPU.Build.0 = Debug|Any CPU
		{B09C891F-C1B7-4FA3-A30B-4D61FC33E07E}.Release|Any CPU.ActiveCfg = Release|Any CPU
		{B09C891F-C1B7-4FA3-A30B-4D61FC33E07E}.Release|Any CPU.Build.0 = Release|Any CPU
		{789AFBC5-CDCB-41DA-809E-6CDCB47C64CA}.Debug|Any CPU.ActiveCfg = Debug|Any CPU
		{789AFBC5-CDCB-41DA-809E-6CDCB47C64CA}.Debug|Any CPU.Build.0 = Debug|Any CPU
		{789AFBC5-CDCB-41DA-809E-6CDCB47C64CA}.Release|Any CPU.ActiveCfg = Release|Any CPU
		{789AFBC5-CDCB-41DA-809E-6CDCB47C64CA}.Release|Any CPU.Build.0 = Release|Any CPU
	EndGlobalSection
	GlobalSection(SolutionProperties) = preSolution
		HideSolutionNode = FALSE
	EndGlobalSection
	GlobalSection(ExtensibilityGlobals) = postSolution
		SolutionGuid = {ED7A69A7-C1EF-4A95-BE73-868308D260E7}
	EndGlobalSection
EndGlobal
